
Microsoft Visual Studio Solution File, Format Version 12.00
# Visual Studio Version 17
VisualStudioVersion = 17.0.32014.148
MinimumVisualStudioVersion = 10.0.40219.1
Project("{FAE04EC0-301F-11D3-BF4B-00C04F79EFBC}") = "WpfStyletIntro", "WpfStyletIntro\WpfStyletIntro.csproj", "{EC5C3D8F-CC58-4CD2-AA63-F0089975AB73}"
EndProject
Global
	GlobalSection(SolutionConfigurationPlatforms) = preSolution
		Debug|Any CPU = Debug|Any CPU
		Release|Any CPU = Release|Any CPU
	EndGlobalSection
	GlobalSection(ProjectConfigurationPlatforms) = postSolution
		{EC5C3D8F-CC58-4CD2-AA63-F0089975AB73}.Debug|Any CPU.ActiveCfg = Debug|Any CPU
		{EC5C3D8F-CC58-4CD2-AA63-F0089975AB73}.Debug|Any CPU.Build.0 = Debug|Any CPU
		{EC5C3D8F-CC58-4CD2-AA63-F0089975AB73}.Release|Any CPU.ActiveCfg = Release|Any CPU
		{EC5C3D8F-CC58-4CD2-AA63-F0089975AB73}.Release|Any CPU.Build.0 = Release|Any CPU
	EndGlobalSection
	GlobalSection(SolutionProperties) = preSolution
		HideSolutionNode = FALSE
	EndGlobalSection
	GlobalSection(ExtensibilityGlobals) = postSolution
		SolutionGuid = {4290F670-5006-4A34-BC85-8E980CA30E2D}
	EndGlobalSection
EndGlobal
